# This file is automatically @generated by Cargo.
# It is not intended for manual editing.
version = 3

[[package]]
name = "cbfvm"
version = "0.1.0"
dependencies = [
 "cbvm",
]

[[package]]
name = "cbvm"
version = "0.1.3"
source = "registry+https://github.com/rust-lang/crates.io-index"
checksum = "c2a676afaf75a60a1dddd450e83baafc648ef74323cc2be80905fa2c36e7d1c0"
